
Microsoft Visual Studio Solution File, Format Version 12.00
# Visual Studio 14
VisualStudioVersion = 14.0.23107.0
MinimumVisualStudioVersion = 10.0.40219.1
Project("{2150E333-8FDC-42A3-9474-1A3956D46DE8}") = "src", "src", "{4E22BDD3-D852-4CD2-9DA1-3F69AF3D24F6}"
EndProject
Project("{2150E333-8FDC-42A3-9474-1A3956D46DE8}") = "Solution Items", "Solution Items", "{2D378B90-4FC4-4FDD-A742-E54B27913C7B}"
	ProjectSection(SolutionItems) = preProject
		global.json = global.json
	EndProjectSection
EndProject
Project("{8BB2217D-0F2D-49D1-97BC-3654ED321F3B}") = "LinqExtended", "src\LinqExtended\LinqExtended.xproj", "{78DA049E-16BC-49A7-BF70-119019DEB7AD}"
EndProject
Project("{FAE04EC0-301F-11D3-BF4B-00C04F79EFBC}") = "UnitTestLinqExtended", "UnitTestLinqExtended\UnitTestLinqExtended.csproj", "{9124887E-89F1-44F0-88D6-00CD98A872E1}"
	ProjectSection(ProjectDependencies) = postProject
		{78DA049E-16BC-49A7-BF70-119019DEB7AD} = {78DA049E-16BC-49A7-BF70-119019DEB7AD}
	EndProjectSection
EndProject
Global
	GlobalSection(SolutionConfigurationPlatforms) = preSolution
		Debug|Any CPU = Debug|Any CPU
		Release|Any CPU = Release|Any CPU
	EndGlobalSection
	GlobalSection(ProjectConfigurationPlatforms) = postSolution
		{78DA049E-16BC-49A7-BF70-119019DEB7AD}.Debug|Any CPU.ActiveCfg = Debug|Any CPU
		{78DA049E-16BC-49A7-BF70-119019DEB7AD}.Debug|Any CPU.Build.0 = Debug|Any CPU
		{78DA049E-16BC-49A7-BF70-119019DEB7AD}.Release|Any CPU.ActiveCfg = Release|Any CPU
		{78DA049E-16BC-49A7-BF70-119019DEB7AD}.Release|Any CPU.Build.0 = Release|Any CPU
		{9124887E-89F1-44F0-88D6-00CD98A872E1}.Debug|Any CPU.ActiveCfg = Debug|Any CPU
		{9124887E-89F1-44F0-88D6-00CD98A872E1}.Debug|Any CPU.Build.0 = Debug|Any CPU
		{9124887E-89F1-44F0-88D6-00CD98A872E1}.Release|Any CPU.ActiveCfg = Release|Any CPU
		{9124887E-89F1-44F0-88D6-00CD98A872E1}.Release|Any CPU.Build.0 = Release|Any CPU
	EndGlobalSection
	GlobalSection(SolutionProperties) = preSolution
		HideSolutionNode = FALSE
	EndGlobalSection
	GlobalSection(NestedProjects) = preSolution
		{78DA049E-16BC-49A7-BF70-119019DEB7AD} = {4E22BDD3-D852-4CD2-9DA1-3F69AF3D24F6}
	EndGlobalSection
EndGlobal
